// !$*UTF8*$!
{
	archiveVersion = 1;
	classes = {
	};
	objectVersion = 48;
	objects = {

/* Begin PBXBuildFile section */
		87359451210DADDA00F09E79 /* TableDetailVC.swift in Sources */ = {isa = PBXBuildFile; fileRef = 87359450210DADDA00F09E79 /* TableDetailVC.swift */; };
		87409B5020F80EC0003F56D7 /* AppDelegate.swift in Sources */ = {isa = PBXBuildFile; fileRef = 87409B4F20F80EC0003F56D7 /* AppDelegate.swift */; };
		87409B5220F80EC0003F56D7 /* ViewController.swift in Sources */ = {isa = PBXBuildFile; fileRef = 87409B5120F80EC0003F56D7 /* ViewController.swift */; };
		87409B5520F80EC0003F56D7 /* Main.storyboard in Resources */ = {isa = PBXBuildFile; fileRef = 87409B5320F80EC0003F56D7 /* Main.storyboard */; };
		87409B5720F80EC0003F56D7 /* Assets.xcassets in Resources */ = {isa = PBXBuildFile; fileRef = 87409B5620F80EC0003F56D7 /* Assets.xcassets */; };
		87409B5A20F80EC0003F56D7 /* LaunchScreen.storyboard in Resources */ = {isa = PBXBuildFile; fileRef = 87409B5820F80EC0003F56D7 /* LaunchScreen.storyboard */; };
		87409B6520F80EC1003F56D7 /* CoffeeShopTests.swift in Sources */ = {isa = PBXBuildFile; fileRef = 87409B6420F80EC1003F56D7 /* CoffeeShopTests.swift */; };
		87409B7020F80EC1003F56D7 /* CoffeeShopUITests.swift in Sources */ = {isa = PBXBuildFile; fileRef = 87409B6F20F80EC1003F56D7 /* CoffeeShopUITests.swift */; };
		87409B7F20F810B8003F56D7 /* Drink.swift in Sources */ = {isa = PBXBuildFile; fileRef = 87409B7E20F810B8003F56D7 /* Drink.swift */; };
		87409B8120F811BB003F56D7 /* Table.swift in Sources */ = {isa = PBXBuildFile; fileRef = 87409B8020F811BB003F56D7 /* Table.swift */; };
		87409B8320F81278003F56D7 /* Order.swift in Sources */ = {isa = PBXBuildFile; fileRef = 87409B8220F81278003F56D7 /* Order.swift */; };
		87409B8520F8DAF5003F56D7 /* OrderDetail.swift in Sources */ = {isa = PBXBuildFile; fileRef = 87409B8420F8DAF5003F56D7 /* OrderDetail.swift */; };
		87409B8920F8DCD4003F56D7 /* TableVC.swift in Sources */ = {isa = PBXBuildFile; fileRef = 87409B8820F8DCD4003F56D7 /* TableVC.swift */; };
		875BFD2720FCE03000DDAF57 /* Services.swift in Sources */ = {isa = PBXBuildFile; fileRef = 875BFD2620FCE03000DDAF57 /* Services.swift */; };
		875BFD2B210C244C00DDAF57 /* TableViewCell.swift in Sources */ = {isa = PBXBuildFile; fileRef = 875BFD2A210C244C00DDAF57 /* TableViewCell.swift */; };
		87A588A3210D8E420049C64B /* OrderVC.swift in Sources */ = {isa = PBXBuildFile; fileRef = 87A588A2210D8E420049C64B /* OrderVC.swift */; };
		87A588A5210D8EF80049C64B /* DrinkViewCell.swift in Sources */ = {isa = PBXBuildFile; fileRef = 87A588A4210D8EF80049C64B /* DrinkViewCell.swift */; };
		87E69AC820FAF82900ADBA9F /* DrinkVC.swift in Sources */ = {isa = PBXBuildFile; fileRef = 87E69AC720FAF82900ADBA9F /* DrinkVC.swift */; };
		87EBFD65210DB3A200F28226 /* TableDetailViewCell.swift in Sources */ = {isa = PBXBuildFile; fileRef = 87EBFD64210DB3A200F28226 /* TableDetailViewCell.swift */; };
		87EBFD67210DC0E900F28226 /* OrderDetailViewCell.swift in Sources */ = {isa = PBXBuildFile; fileRef = 87EBFD66210DC0E900F28226 /* OrderDetailViewCell.swift */; };
		87EBFD69210DCDC800F28226 /* OrderResponse.swift in Sources */ = {isa = PBXBuildFile; fileRef = 87EBFD68210DCDC800F28226 /* OrderResponse.swift */; };
		87EBFD6C210F442300F28226 /* Int.swift in Sources */ = {isa = PBXBuildFile; fileRef = 87EBFD6B210F442300F28226 /* Int.swift */; };
		87F529A42116F1D7007E231E /* Date.swift in Sources */ = {isa = PBXBuildFile; fileRef = 87F529A32116F1D7007E231E /* Date.swift */; };
/* End PBXBuildFile section */

/* Begin PBXContainerItemProxy section */
		87409B6120F80EC1003F56D7 /* PBXContainerItemProxy */ = {
			isa = PBXContainerItemProxy;
			containerPortal = 87409B4420F80EC0003F56D7 /* Project object */;
			proxyType = 1;
			remoteGlobalIDString = 87409B4B20F80EC0003F56D7;
			remoteInfo = CoffeeShop;
		};
		87409B6C20F80EC1003F56D7 /* PBXContainerItemProxy */ = {
			isa = PBXContainerItemProxy;
			containerPortal = 87409B4420F80EC0003F56D7 /* Project object */;
			proxyType = 1;
			remoteGlobalIDString = 87409B4B20F80EC0003F56D7;
			remoteInfo = CoffeeShop;
		};
/* End PBXContainerItemProxy section */

/* Begin PBXFileReference section */
		87359450210DADDA00F09E79 /* TableDetailVC.swift */ = {isa = PBXFileReference; lastKnownFileType = sourcecode.swift; path = TableDetailVC.swift; sourceTree = "<group>"; };
		87409B4C20F80EC0003F56D7 /* CoffeeShop.app */ = {isa = PBXFileReference; explicitFileType = wrapper.application; includeInIndex = 0; path = CoffeeShop.app; sourceTree = BUILT_PRODUCTS_DIR; };
		87409B4F20F80EC0003F56D7 /* AppDelegate.swift */ = {isa = PBXFileReference; lastKnownFileType = sourcecode.swift; path = AppDelegate.swift; sourceTree = "<group>"; };
		87409B5120F80EC0003F56D7 /* ViewController.swift */ = {isa = PBXFileReference; lastKnownFileType = sourcecode.swift; path = ViewController.swift; sourceTree = "<group>"; };
		87409B5420F80EC0003F56D7 /* Base */ = {isa = PBXFileReference; lastKnownFileType = file.storyboard; name = Base; path = Base.lproj/Main.storyboard; sourceTree = "<group>"; };
		87409B5620F80EC0003F56D7 /* Assets.xcassets */ = {isa = PBXFileReference; lastKnownFileType = folder.assetcatalog; path = Assets.xcassets; sourceTree = "<group>"; };
		87409B5920F80EC0003F56D7 /* Base */ = {isa = PBXFileReference; lastKnownFileType = file.storyboard; name = Base; path = Base.lproj/LaunchScreen.storyboard; sourceTree = "<group>"; };
		87409B5B20F80EC0003F56D7 /* Info.plist */ = {isa = PBXFileReference; lastKnownFileType = text.plist.xml; path = Info.plist; sourceTree = "<group>"; };
		87409B6020F80EC1003F56D7 /* CoffeeShopTests.xctest */ = {isa = PBXFileReference; explicitFileType = wrapper.cfbundle; includeInIndex = 0; path = CoffeeShopTests.xctest; sourceTree = BUILT_PRODUCTS_DIR; };
		87409B6420F80EC1003F56D7 /* CoffeeShopTests.swift */ = {isa = PBXFileReference; lastKnownFileType = sourcecode.swift; path = CoffeeShopTests.swift; sourceTree = "<group>"; };
		87409B6620F80EC1003F56D7 /* Info.plist */ = {isa = PBXFileReference; lastKnownFileType = text.plist.xml; path = Info.plist; sourceTree = "<group>"; };
		87409B6B20F80EC1003F56D7 /* CoffeeShopUITests.xctest */ = {isa = PBXFileReference; explicitFileType = wrapper.cfbundle; includeInIndex = 0; path = CoffeeShopUITests.xctest; sourceTree = BUILT_PRODUCTS_DIR; };
		87409B6F20F80EC1003F56D7 /* CoffeeShopUITests.swift */ = {isa = PBXFileReference; lastKnownFileType = sourcecode.swift; path = CoffeeShopUITests.swift; sourceTree = "<group>"; };
		87409B7120F80EC1003F56D7 /* Info.plist */ = {isa = PBXFileReference; lastKnownFileType = text.plist.xml; path = Info.plist; sourceTree = "<group>"; };
		87409B7E20F810B8003F56D7 /* Drink.swift */ = {isa = PBXFileReference; lastKnownFileType = sourcecode.swift; path = Drink.swift; sourceTree = "<group>"; };
		87409B8020F811BB003F56D7 /* Table.swift */ = {isa = PBXFileReference; lastKnownFileType = sourcecode.swift; path = Table.swift; sourceTree = "<group>"; };
		87409B8220F81278003F56D7 /* Order.swift */ = {isa = PBXFileReference; lastKnownFileType = sourcecode.swift; path = Order.swift; sourceTree = "<group>"; };
		87409B8420F8DAF5003F56D7 /* OrderDetail.swift */ = {isa = PBXFileReference; lastKnownFileType = sourcecode.swift; path = OrderDetail.swift; sourceTree = "<group>"; };
		87409B8820F8DCD4003F56D7 /* TableVC.swift */ = {isa = PBXFileReference; lastKnownFileType = sourcecode.swift; path = TableVC.swift; sourceTree = "<group>"; };
		875BFD2620FCE03000DDAF57 /* Services.swift */ = {isa = PBXFileReference; lastKnownFileType = sourcecode.swift; path = Services.swift; sourceTree = "<group>"; };
		875BFD2A210C244C00DDAF57 /* TableViewCell.swift */ = {isa = PBXFileReference; lastKnownFileType = sourcecode.swift; path = TableViewCell.swift; sourceTree = "<group>"; };
		87A588A2210D8E420049C64B /* OrderVC.swift */ = {isa = PBXFileReference; lastKnownFileType = sourcecode.swift; path = OrderVC.swift; sourceTree = "<group>"; };
		87A588A4210D8EF80049C64B /* DrinkViewCell.swift */ = {isa = PBXFileReference; lastKnownFileType = sourcecode.swift; path = DrinkViewCell.swift; sourceTree = "<group>"; };
		87E69AC720FAF82900ADBA9F /* DrinkVC.swift */ = {isa = PBXFileReference; lastKnownFileType = sourcecode.swift; path = DrinkVC.swift; sourceTree = "<group>"; };
		87EBFD64210DB3A200F28226 /* TableDetailViewCell.swift */ = {isa = PBXFileReference; lastKnownFileType = sourcecode.swift; path = TableDetailViewCell.swift; sourceTree = "<group>"; };
		87EBFD66210DC0E900F28226 /* OrderDetailViewCell.swift */ = {isa = PBXFileReference; lastKnownFileType = sourcecode.swift; path = OrderDetailViewCell.swift; sourceTree = "<group>"; };
		87EBFD68210DCDC800F28226 /* OrderResponse.swift */ = {isa = PBXFileReference; lastKnownFileType = sourcecode.swift; path = OrderResponse.swift; sourceTree = "<group>"; };
		87EBFD6B210F442300F28226 /* Int.swift */ = {isa = PBXFileReference; lastKnownFileType = sourcecode.swift; path = Int.swift; sourceTree = "<group>"; };
		87F529A32116F1D7007E231E /* Date.swift */ = {isa = PBXFileReference; lastKnownFileType = sourcecode.swift; path = Date.swift; sourceTree = "<group>"; };
/* End PBXFileReference section */

/* Begin PBXFrameworksBuildPhase section */
		87409B4920F80EC0003F56D7 /* Frameworks */ = {
			isa = PBXFrameworksBuildPhase;
			buildActionMask = 2147483647;
			files = (
			);
			runOnlyForDeploymentPostprocessing = 0;
		};
		87409B5D20F80EC1003F56D7 /* Frameworks */ = {
			isa = PBXFrameworksBuildPhase;
			buildActionMask = 2147483647;
			files = (
			);
			runOnlyForDeploymentPostprocessing = 0;
		};
		87409B6820F80EC1003F56D7 /* Frameworks */ = {
			isa = PBXFrameworksBuildPhase;
			buildActionMask = 2147483647;
			files = (
			);
			runOnlyForDeploymentPostprocessing = 0;
		};
/* End PBXFrameworksBuildPhase section */

/* Begin PBXGroup section */
		87409B4320F80EC0003F56D7 = {
			isa = PBXGroup;
			children = (
				87409B4E20F80EC0003F56D7 /* CoffeeShop */,
				87409B6320F80EC1003F56D7 /* CoffeeShopTests */,
				87409B6E20F80EC1003F56D7 /* CoffeeShopUITests */,
				87409B4D20F80EC0003F56D7 /* Products */,
			);
			sourceTree = "<group>";
		};
		87409B4D20F80EC0003F56D7 /* Products */ = {
			isa = PBXGroup;
			children = (
				87409B4C20F80EC0003F56D7 /* CoffeeShop.app */,
				87409B6020F80EC1003F56D7 /* CoffeeShopTests.xctest */,
				87409B6B20F80EC1003F56D7 /* CoffeeShopUITests.xctest */,
			);
			name = Products;
			sourceTree = "<group>";
		};
		87409B4E20F80EC0003F56D7 /* CoffeeShop */ = {
			isa = PBXGroup;
			children = (
				87EBFD6A210F43FB00F28226 /* Extensions */,
				875BFD2520FCE01000DDAF57 /* Services */,
				87409B8A20F8E99E003F56D7 /* ViewControllers */,
				87409B7D20F80ED1003F56D7 /* Models */,
				87409B4F20F80EC0003F56D7 /* AppDelegate.swift */,
				87409B5120F80EC0003F56D7 /* ViewController.swift */,
				87409B5320F80EC0003F56D7 /* Main.storyboard */,
				87409B5620F80EC0003F56D7 /* Assets.xcassets */,
				87409B5820F80EC0003F56D7 /* LaunchScreen.storyboard */,
				87409B5B20F80EC0003F56D7 /* Info.plist */,
			);
			path = CoffeeShop;
			sourceTree = "<group>";
		};
		87409B6320F80EC1003F56D7 /* CoffeeShopTests */ = {
			isa = PBXGroup;
			children = (
				87409B6420F80EC1003F56D7 /* CoffeeShopTests.swift */,
				87409B6620F80EC1003F56D7 /* Info.plist */,
			);
			path = CoffeeShopTests;
			sourceTree = "<group>";
		};
		87409B6E20F80EC1003F56D7 /* CoffeeShopUITests */ = {
			isa = PBXGroup;
			children = (
				87409B6F20F80EC1003F56D7 /* CoffeeShopUITests.swift */,
				87409B7120F80EC1003F56D7 /* Info.plist */,
			);
			path = CoffeeShopUITests;
			sourceTree = "<group>";
		};
		87409B7D20F80ED1003F56D7 /* Models */ = {
			isa = PBXGroup;
			children = (
				87409B7E20F810B8003F56D7 /* Drink.swift */,
				87409B8020F811BB003F56D7 /* Table.swift */,
				87409B8220F81278003F56D7 /* Order.swift */,
				87409B8420F8DAF5003F56D7 /* OrderDetail.swift */,
				87EBFD68210DCDC800F28226 /* OrderResponse.swift */,
			);
			path = Models;
			sourceTree = "<group>";
		};
		87409B8A20F8E99E003F56D7 /* ViewControllers */ = {
			isa = PBXGroup;
			children = (
				87409B8820F8DCD4003F56D7 /* TableVC.swift */,
				87E69AC720FAF82900ADBA9F /* DrinkVC.swift */,
				875BFD2A210C244C00DDAF57 /* TableViewCell.swift */,
				87EBFD64210DB3A200F28226 /* TableDetailViewCell.swift */,
				87A588A2210D8E420049C64B /* OrderVC.swift */,
				87A588A4210D8EF80049C64B /* DrinkViewCell.swift */,
				87359450210DADDA00F09E79 /* TableDetailVC.swift */,
				87EBFD66210DC0E900F28226 /* OrderDetailViewCell.swift */,
			);
			path = ViewControllers;
			sourceTree = "<group>";
		};
		875BFD2520FCE01000DDAF57 /* Services */ = {
			isa = PBXGroup;
			children = (
				875BFD2620FCE03000DDAF57 /* Services.swift */,
			);
			path = Services;
			sourceTree = "<group>";
		};
		87EBFD6A210F43FB00F28226 /* Extensions */ = {
			isa = PBXGroup;
			children = (
				87EBFD6B210F442300F28226 /* Int.swift */,
				87F529A32116F1D7007E231E /* Date.swift */,
			);
			path = Extensions;
			sourceTree = "<group>";
		};
/* End PBXGroup section */

/* Begin PBXNativeTarget section */
		87409B4B20F80EC0003F56D7 /* CoffeeShop */ = {
			isa = PBXNativeTarget;
			buildConfigurationList = 87409B7420F80EC1003F56D7 /* Build configuration list for PBXNativeTarget "CoffeeShop" */;
			buildPhases = (
				87409B4820F80EC0003F56D7 /* Sources */,
				87409B4920F80EC0003F56D7 /* Frameworks */,
				87409B4A20F80EC0003F56D7 /* Resources */,
			);
			buildRules = (
			);
			dependencies = (
			);
			name = CoffeeShop;
			productName = CoffeeShop;
			productReference = 87409B4C20F80EC0003F56D7 /* CoffeeShop.app */;
			productType = "com.apple.product-type.application";
		};
		87409B5F20F80EC1003F56D7 /* CoffeeShopTests */ = {
			isa = PBXNativeTarget;
			buildConfigurationList = 87409B7720F80EC1003F56D7 /* Build configuration list for PBXNativeTarget "CoffeeShopTests" */;
			buildPhases = (
				87409B5C20F80EC1003F56D7 /* Sources */,
				87409B5D20F80EC1003F56D7 /* Frameworks */,
				87409B5E20F80EC1003F56D7 /* Resources */,
			);
			buildRules = (
			);
			dependencies = (
				87409B6220F80EC1003F56D7 /* PBXTargetDependency */,
			);
			name = CoffeeShopTests;
			productName = CoffeeShopTests;
			productReference = 87409B6020F80EC1003F56D7 /* CoffeeShopTests.xctest */;
			productType = "com.apple.product-type.bundle.unit-test";
		};
		87409B6A20F80EC1003F56D7 /* CoffeeShopUITests */ = {
			isa = PBXNativeTarget;
			buildConfigurationList = 87409B7A20F80EC1003F56D7 /* Build configuration list for PBXNativeTarget "CoffeeShopUITests" */;
			buildPhases = (
				87409B6720F80EC1003F56D7 /* Sources */,
				87409B6820F80EC1003F56D7 /* Frameworks */,
				87409B6920F80EC1003F56D7 /* Resources */,
			);
			buildRules = (
			);
			dependencies = (
				87409B6D20F80EC1003F56D7 /* PBXTargetDependency */,
			);
			name = CoffeeShopUITests;
			productName = CoffeeShopUITests;
			productReference = 87409B6B20F80EC1003F56D7 /* CoffeeShopUITests.xctest */;
			productType = "com.apple.product-type.bundle.ui-testing";
		};
/* End PBXNativeTarget section */

/* Begin PBXProject section */
		87409B4420F80EC0003F56D7 /* Project object */ = {
			isa = PBXProject;
			attributes = {
				LastSwiftUpdateCheck = 0920;
				LastUpgradeCheck = 0920;
				ORGANIZATIONNAME = "Nguyen Doan Nhu Tran";
				TargetAttributes = {
					87409B4B20F80EC0003F56D7 = {
						CreatedOnToolsVersion = 9.2;
						ProvisioningStyle = Automatic;
					};
					87409B5F20F80EC1003F56D7 = {
						CreatedOnToolsVersion = 9.2;
						ProvisioningStyle = Automatic;
						TestTargetID = 87409B4B20F80EC0003F56D7;
					};
					87409B6A20F80EC1003F56D7 = {
						CreatedOnToolsVersion = 9.2;
						ProvisioningStyle = Automatic;
						TestTargetID = 87409B4B20F80EC0003F56D7;
					};
				};
			};
			buildConfigurationList = 87409B4720F80EC0003F56D7 /* Build configuration list for PBXProject "CoffeeShop" */;
			compatibilityVersion = "Xcode 8.0";
			developmentRegion = en;
			hasScannedForEncodings = 0;
			knownRegions = (
				en,
				Base,
			);
			mainGroup = 87409B4320F80EC0003F56D7;
			productRefGroup = 87409B4D20F80EC0003F56D7 /* Products */;
			projectDirPath = "";
			projectRoot = "";
			targets = (
				87409B4B20F80EC0003F56D7 /* CoffeeShop */,
				87409B5F20F80EC1003F56D7 /* CoffeeShopTests */,
				87409B6A20F80EC1003F56D7 /* CoffeeShopUITests */,
			);
		};
/* End PBXProject section */

/* Begin PBXResourcesBuildPhase section */
		87409B4A20F80EC0003F56D7 /* Resources */ = {
			isa = PBXResourcesBuildPhase;
			buildActionMask = 2147483647;
			files = (
				87409B5A20F80EC0003F56D7 /* LaunchScreen.storyboard in Resources */,
				87409B5720F80EC0003F56D7 /* Assets.xcassets in Resources */,
				87409B5520F80EC0003F56D7 /* Main.storyboard in Resources */,
			);
			runOnlyForDeploymentPostprocessing = 0;
		};
		87409B5E20F80EC1003F56D7 /* Resources */ = {
			isa = PBXResourcesBuildPhase;
			buildActionMask = 2147483647;
			files = (
			);
			runOnlyForDeploymentPostprocessing = 0;
		};
		87409B6920F80EC1003F56D7 /* Resources */ = {
			isa = PBXResourcesBuildPhase;
			buildActionMask = 2147483647;
			files = (
			);
			runOnlyForDeploymentPostprocessing = 0;
		};
/* End PBXResourcesBuildPhase section */

/* Begin PBXSourcesBuildPhase section */
		87409B4820F80EC0003F56D7 /* Sources */ = {
			isa = PBXSourcesBuildPhase;
			buildActionMask = 2147483647;
			files = (
				875BFD2B210C244C00DDAF57 /* TableViewCell.swift in Sources */,
				87409B5220F80EC0003F56D7 /* ViewController.swift in Sources */,
				87EBFD65210DB3A200F28226 /* TableDetailViewCell.swift in Sources */,
				87409B7F20F810B8003F56D7 /* Drink.swift in Sources */,
				87359451210DADDA00F09E79 /* TableDetailVC.swift in Sources */,
				87409B8320F81278003F56D7 /* Order.swift in Sources */,
				87EBFD6C210F442300F28226 /* Int.swift in Sources */,
				87F529A42116F1D7007E231E /* Date.swift in Sources */,
				87EBFD67210DC0E900F28226 /* OrderDetailViewCell.swift in Sources */,
				87E69AC820FAF82900ADBA9F /* DrinkVC.swift in Sources */,
				87A588A5210D8EF80049C64B /* DrinkViewCell.swift in Sources */,
				87EBFD69210DCDC800F28226 /* OrderResponse.swift in Sources */,
				87409B8520F8DAF5003F56D7 /* OrderDetail.swift in Sources */,
				87409B8920F8DCD4003F56D7 /* TableVC.swift in Sources */,
				87409B8120F811BB003F56D7 /* Table.swift in Sources */,
				87A588A3210D8E420049C64B /* OrderVC.swift in Sources */,
				875BFD2720FCE03000DDAF57 /* Services.swift in Sources */,
				87409B5020F80EC0003F56D7 /* AppDelegate.swift in Sources */,
			);
			runOnlyForDeploymentPostprocessing = 0;
		};
		87409B5C20F80EC1003F56D7 /* Sources */ = {
			isa = PBXSourcesBuildPhase;
			buildActionMask = 2147483647;
			files = (
				87409B6520F80EC1003F56D7 /* CoffeeShopTests.swift in Sources */,
			);
			runOnlyForDeploymentPostprocessing = 0;
		};
		87409B6720F80EC1003F56D7 /* Sources */ = {
			isa = PBXSourcesBuildPhase;
			buildActionMask = 2147483647;
			files = (
				87409B7020F80EC1003F56D7 /* CoffeeShopUITests.swift in Sources */,
			);
			runOnlyForDeploymentPostprocessing = 0;
		};
/* End PBXSourcesBuildPhase section */

/* Begin PBXTargetDependency section */
		87409B6220F80EC1003F56D7 /* PBXTargetDependency */ = {
			isa = PBXTargetDependency;
			target = 87409B4B20F80EC0003F56D7 /* CoffeeShop */;
			targetProxy = 87409B6120F80EC1003F56D7 /* PBXContainerItemProxy */;
		};
		87409B6D20F80EC1003F56D7 /* PBXTargetDependency */ = {
			isa = PBXTargetDependency;
			target = 87409B4B20F80EC0003F56D7 /* CoffeeShop */;
			targetProxy = 87409B6C20F80EC1003F56D7 /* PBXContainerItemProxy */;
		};
/* End PBXTargetDependency section */

/* Begin PBXVariantGroup section */
		87409B5320F80EC0003F56D7 /* Main.storyboard */ = {
			isa = PBXVariantGroup;
			children = (
				87409B5420F80EC0003F56D7 /* Base */,
			);
			name = Main.storyboard;
			sourceTree = "<group>";
		};
		87409B5820F80EC0003F56D7 /* LaunchScreen.storyboard */ = {
			isa = PBXVariantGroup;
			children = (
				87409B5920F80EC0003F56D7 /* Base */,
			);
			name = LaunchScreen.storyboard;
			sourceTree = "<group>";
		};
/* End PBXVariantGroup section */

/* Begin XCBuildConfiguration section */
		87409B7220F80EC1003F56D7 /* Debug */ = {
			isa = XCBuildConfiguration;
			buildSettings = {
				ALWAYS_SEARCH_USER_PATHS = NO;
				CLANG_ANALYZER_NONNULL = YES;
				CLANG_ANALYZER_NUMBER_OBJECT_CONVERSION = YES_AGGRESSIVE;
				CLANG_CXX_LANGUAGE_STANDARD = "gnu++14";
				CLANG_CXX_LIBRARY = "libc++";
				CLANG_ENABLE_MODULES = YES;
				CLANG_ENABLE_OBJC_ARC = YES;
				CLANG_WARN_BLOCK_CAPTURE_AUTORELEASING = YES;
				CLANG_WARN_BOOL_CONVERSION = YES;
				CLANG_WARN_COMMA = YES;
				CLANG_WARN_CONSTANT_CONVERSION = YES;
				CLANG_WARN_DIRECT_OBJC_ISA_USAGE = YES_ERROR;
				CLANG_WARN_DOCUMENTATION_COMMENTS = YES;
				CLANG_WARN_EMPTY_BODY = YES;
				CLANG_WARN_ENUM_CONVERSION = YES;
				CLANG_WARN_INFINITE_RECURSION = YES;
				CLANG_WARN_INT_CONVERSION = YES;
				CLANG_WARN_NON_LITERAL_NULL_CONVERSION = YES;
				CLANG_WARN_OBJC_LITERAL_CONVERSION = YES;
				CLANG_WARN_OBJC_ROOT_CLASS = YES_ERROR;
				CLANG_WARN_RANGE_LOOP_ANALYSIS = YES;
				CLANG_WARN_STRICT_PROTOTYPES = YES;
				CLANG_WARN_SUSPICIOUS_MOVE = YES;
				CLANG_WARN_UNGUARDED_AVAILABILITY = YES_AGGRESSIVE;
				CLANG_WARN_UNREACHABLE_CODE = YES;
				CLANG_WARN__DUPLICATE_METHOD_MATCH = YES;
				CODE_SIGN_IDENTITY = "iPhone Developer";
				COPY_PHASE_STRIP = NO;
				DEBUG_INFORMATION_FORMAT = dwarf;
				ENABLE_STRICT_OBJC_MSGSEND = YES;
				ENABLE_TESTABILITY = YES;
				GCC_C_LANGUAGE_STANDARD = gnu11;
				GCC_DYNAMIC_NO_PIC = NO;
				GCC_NO_COMMON_BLOCKS = YES;
				GCC_OPTIMIZATION_LEVEL = 0;
				GCC_PREPROCESSOR_DEFINITIONS = (
					"DEBUG=1",
					"$(inherited)",
				);
				GCC_WARN_64_TO_32_BIT_CONVERSION = YES;
				GCC_WARN_ABOUT_RETURN_TYPE = YES_ERROR;
				GCC_WARN_UNDECLARED_SELECTOR = YES;
				GCC_WARN_UNINITIALIZED_AUTOS = YES_AGGRESSIVE;
				GCC_WARN_UNUSED_FUNCTION = YES;
				GCC_WARN_UNUSED_VARIABLE = YES;
				IPHONEOS_DEPLOYMENT_TARGET = 11.2;
				MTL_ENABLE_DEBUG_INFO = YES;
				ONLY_ACTIVE_ARCH = YES;
				SDKROOT = iphoneos;
				SWIFT_ACTIVE_COMPILATION_CONDITIONS = DEBUG;
				SWIFT_OPTIMIZATION_LEVEL = "-Onone";
			};
			name = Debug;
		};
		87409B7320F80EC1003F56D7 /* Release */ = {
			isa = XCBuildConfiguration;
			buildSettings = {
				ALWAYS_SEARCH_USER_PATHS = NO;
				CLANG_ANALYZER_NONNULL = YES;
				CLANG_ANALYZER_NUMBER_OBJECT_CONVERSION = YES_AGGRESSIVE;
				CLANG_CXX_LANGUAGE_STANDARD = "gnu++14";
				CLANG_CXX_LIBRARY = "libc++";
				CLANG_ENABLE_MODULES = YES;
				CLANG_ENABLE_OBJC_ARC = YES;
				CLANG_WARN_BLOCK_CAPTURE_AUTORELEASING = YES;
				CLANG_WARN_BOOL_CONVERSION = YES;
				CLANG_WARN_COMMA = YES;
				CLANG_WARN_CONSTANT_CONVERSION = YES;
				CLANG_WARN_DIRECT_OBJC_ISA_USAGE = YES_ERROR;
				CLANG_WARN_DOCUMENTATION_COMMENTS = YES;
				CLANG_WARN_EMPTY_BODY = YES;
				CLANG_WARN_ENUM_CONVERSION = YES;
				CLANG_WARN_INFINITE_RECURSION = YES;
				CLANG_WARN_INT_CONVERSION = YES;
				CLANG_WARN_NON_LITERAL_NULL_CONVERSION = YES;
				CLANG_WARN_OBJC_LITERAL_CONVERSION = YES;
				CLANG_WARN_OBJC_ROOT_CLASS = YES_ERROR;
				CLANG_WARN_RANGE_LOOP_ANALYSIS = YES;
				CLANG_WARN_STRICT_PROTOTYPES = YES;
				CLANG_WARN_SUSPICIOUS_MOVE = YES;
				CLANG_WARN_UNGUARDED_AVAILABILITY = YES_AGGRESSIVE;
				CLANG_WARN_UNREACHABLE_CODE = YES;
				CLANG_WARN__DUPLICATE_METHOD_MATCH = YES;
				CODE_SIGN_IDENTITY = "iPhone Developer";
				COPY_PHASE_STRIP = NO;
				DEBUG_INFORMATION_FORMAT = "dwarf-with-dsym";
				ENABLE_NS_ASSERTIONS = NO;
				ENABLE_STRICT_OBJC_MSGSEND = YES;
				GCC_C_LANGUAGE_STANDARD = gnu11;
				GCC_NO_COMMON_BLOCKS = YES;
				GCC_WARN_64_TO_32_BIT_CONVERSION = YES;
				GCC_WARN_ABOUT_RETURN_TYPE = YES_ERROR;
				GCC_WARN_UNDECLARED_SELECTOR = YES;
				GCC_WARN_UNINITIALIZED_AUTOS = YES_AGGRESSIVE;
				GCC_WARN_UNUSED_FUNCTION = YES;
				GCC_WARN_UNUSED_VARIABLE = YES;
				IPHONEOS_DEPLOYMENT_TARGET = 11.2;
				MTL_ENABLE_DEBUG_INFO = NO;
				SDKROOT = iphoneos;
				SWIFT_OPTIMIZATION_LEVEL = "-Owholemodule";
				VALIDATE_PRODUCT = YES;
			};
			name = Release;
		};
		87409B7520F80EC1003F56D7 /* Debug */ = {
			isa = XCBuildConfiguration;
			buildSettings = {
				ASSETCATALOG_COMPILER_APPICON_NAME = AppIcon;
				CODE_SIGN_STYLE = Automatic;
				DEVELOPMENT_TEAM = 3DVL4AS8WD;
				INFOPLIST_FILE = CoffeeShop/Info.plist;
				IPHONEOS_DEPLOYMENT_TARGET = 9.0;
				LD_RUNPATH_SEARCH_PATHS = "$(inherited) @executable_path/Frameworks";
				PRODUCT_BUNDLE_IDENTIFIER = ndntran.dhg.CoffeeShop;
				PRODUCT_NAME = "$(TARGET_NAME)";
				SWIFT_VERSION = 4.0;
				TARGETED_DEVICE_FAMILY = "1,2";
			};
			name = Debug;
		};
		87409B7620F80EC1003F56D7 /* Release */ = {
			isa = XCBuildConfiguration;
			buildSettings = {
				ASSETCATALOG_COMPILER_APPICON_NAME = AppIcon;
				CODE_SIGN_STYLE = Automatic;
				DEVELOPMENT_TEAM = 3DVL4AS8WD;
				INFOPLIST_FILE = CoffeeShop/Info.plist;
				IPHONEOS_DEPLOYMENT_TARGET = 9.0;
				LD_RUNPATH_SEARCH_PATHS = "$(inherited) @executable_path/Frameworks";
				PRODUCT_BUNDLE_IDENTIFIER = ndntran.dhg.CoffeeShop;
				PRODUCT_NAME = "$(TARGET_NAME)";
				SWIFT_VERSION = 4.0;
				TARGETED_DEVICE_FAMILY = "1,2";
			};
			name = Release;
		};
		87409B7820F80EC1003F56D7 /* Debug */ = {
			isa = XCBuildConfiguration;
			buildSettings = {
				ALWAYS_EMBED_SWIFT_STANDARD_LIBRARIES = YES;
				BUNDLE_LOADER = "$(TEST_HOST)";
				CODE_SIGN_STYLE = Automatic;
				DEVELOPMENT_TEAM = 3DVL4AS8WD;
				INFOPLIST_FILE = CoffeeShopTests/Info.plist;
				LD_RUNPATH_SEARCH_PATHS = "$(inherited) @executable_path/Frameworks @loader_path/Frameworks";
				PRODUCT_BUNDLE_IDENTIFIER = NhuTran.CoffeeShopTests;
				PRODUCT_NAME = "$(TARGET_NAME)";
				SWIFT_VERSION = 4.0;
				TARGETED_DEVICE_FAMILY = "1,2";
				TEST_HOST = "$(BUILT_PRODUCTS_DIR)/CoffeeShop.app/CoffeeShop";
			};
			name = Debug;
		};
		87409B7920F80EC1003F56D7 /* Release */ = {
			isa = XCBuildConfiguration;
			buildSettings = {
				ALWAYS_EMBED_SWIFT_STANDARD_LIBRARIES = YES;
				BUNDLE_LOADER = "$(TEST_HOST)";
				CODE_SIGN_STYLE = Automatic;
				DEVELOPMENT_TEAM = 3DVL4AS8WD;
				INFOPLIST_FILE = CoffeeShopTests/Info.plist;
				LD_RUNPATH_SEARCH_PATHS = "$(inherited) @executable_path/Frameworks @loader_path/Frameworks";
				PRODUCT_BUNDLE_IDENTIFIER = NhuTran.CoffeeShopTests;
				PRODUCT_NAME = "$(TARGET_NAME)";
				SWIFT_VERSION = 4.0;
				TARGETED_DEVICE_FAMILY = "1,2";
				TEST_HOST = "$(BUILT_PRODUCTS_DIR)/CoffeeShop.app/CoffeeShop";
			};
			name = Release;
		};
		87409B7B20F80EC1003F56D7 /* Debug */ = {
			isa = XCBuildConfiguration;
			buildSettings = {
				ALWAYS_EMBED_SWIFT_STANDARD_LIBRARIES = YES;
				CODE_SIGN_STYLE = Automatic;
				DEVELOPMENT_TEAM = 3DVL4AS8WD;
				INFOPLIST_FILE = CoffeeShopUITests/Info.plist;
				LD_RUNPATH_SEARCH_PATHS = "$(inherited) @executable_path/Frameworks @loader_path/Frameworks";
				PRODUCT_BUNDLE_IDENTIFIER = NhuTran.CoffeeShopUITests;
				PRODUCT_NAME = "$(TARGET_NAME)";
				SWIFT_VERSION = 4.0;
				TARGETED_DEVICE_FAMILY = "1,2";
				TEST_TARGET_NAME = CoffeeShop;
			};
			name = Debug;
		};
		87409B7C20F80EC1003F56D7 /* Release */ = {
			isa = XCBuildConfiguration;
			buildSettings = {
				ALWAYS_EMBED_SWIFT_STANDARD_LIBRARIES = YES;
				CODE_SIGN_STYLE = Automatic;
				DEVELOPMENT_TEAM = 3DVL4AS8WD;
				INFOPLIST_FILE = CoffeeShopUITests/Info.plist;
				LD_RUNPATH_SEARCH_PATHS = "$(inherited) @executable_path/Frameworks @loader_path/Frameworks";
				PRODUCT_BUNDLE_IDENTIFIER = NhuTran.CoffeeShopUITests;
				PRODUCT_NAME = "$(TARGET_NAME)";
				SWIFT_VERSION = 4.0;
				TARGETED_DEVICE_FAMILY = "1,2";
				TEST_TARGET_NAME = CoffeeShop;
			};
			name = Release;
		};
/* End XCBuildConfiguration section */

/* Begin XCConfigurationList section */
		87409B4720F80EC0003F56D7 /* Build configuration list for PBXProject "CoffeeShop" */ = {
			isa = XCConfigurationList;
			buildConfigurations = (
				87409B7220F80EC1003F56D7 /* Debug */,
				87409B7320F80EC1003F56D7 /* Release */,
			);
			defaultConfigurationIsVisible = 0;
			defaultConfigurationName = Release;
		};
		87409B7420F80EC1003F56D7 /* Build configuration list for PBXNativeTarget "CoffeeShop" */ = {
			isa = XCConfigurationList;
			buildConfigurations = (
				87409B7520F80EC1003F56D7 /* Debug */,
				87409B7620F80EC1003F56D7 /* Release */,
			);
			defaultConfigurationIsVisible = 0;
			defaultConfigurationName = Release;
		};
		87409B7720F80EC1003F56D7 /* Build configuration list for PBXNativeTarget "CoffeeShopTests" */ = {
			isa = XCConfigurationList;
			buildConfigurations = (
				87409B7820F80EC1003F56D7 /* Debug */,
				87409B7920F80EC1003F56D7 /* Release */,
			);
			defaultConfigurationIsVisible = 0;
			defaultConfigurationName = Release;
		};
		87409B7A20F80EC1003F56D7 /* Build configuration list for PBXNativeTarget "CoffeeShopUITests" */ = {
			isa = XCConfigurationList;
			buildConfigurations = (
				87409B7B20F80EC1003F56D7 /* Debug */,
				87409B7C20F80EC1003F56D7 /* Release */,
			);
			defaultConfigurationIsVisible = 0;
			defaultConfigurationName = Release;
		};
/* End XCConfigurationList section */
	};
	rootObject = 87409B4420F80EC0003F56D7 /* Project object */;
}
